Microsoft Visual Studio Solution File, Format Version 12.00
# Visual Studio Version 17
VisualStudioVersion = 17.0.31903.59
MinimumVisualStudioVersion = 10.0.40219.1
Project("{FAE04EC0-301F-11D3-BF4B-00C04F79EFBC}") = "FacileSconti.Web", "FacileSconti.Web\FacileSconti.Web.csproj", "{11111111-1111-1111-1111-111111111111}"
EndProject
Project("{FAE04EC0-301F-11D3-BF4B-00C04F79EFBC}") = "FacileSconti.Application", "FacileSconti.Application\FacileSconti.Application.csproj", "{22222222-2222-2222-2222-222222222222}"
EndProject
Project("{FAE04EC0-301F-11D3-BF4B-00C04F79EFBC}") = "FacileSconti.Infrastructure", "FacileSconti.Infrastructure\FacileSconti.Infrastructure.csproj", "{44444444-4444-4444-4444-444444444444}"
EndProject
Project("{2150E333-8FDC-42A3-9474-1A3956D46DE8}") = "FacileSconti.Database", "FacileSconti.Database", "{55555555-5555-5555-5555-555555555555}"
	ProjectSection(SolutionItems) = preProject
		FacileSconti.Database\01_tables\001_create_schema.sql = FacileSconti.Database\01_tables\001_create_schema.sql
		FacileSconti.Database\05_views\001_dashboard_views.sql = FacileSconti.Database\05_views\001_dashboard_views.sql
		FacileSconti.Database\02_constraints\001_foreign_keys.sql = FacileSconti.Database\02_constraints\001_foreign_keys.sql
		FacileSconti.Database\03_indexes\001_indexes.sql = FacileSconti.Database\03_indexes\001_indexes.sql
		FacileSconti.Database\04_seed\001_seed_core.sql = FacileSconti.Database\04_seed\001_seed_core.sql
		FacileSconti.Database\01_tables\002_create_additional_tables.sql = FacileSconti.Database\01_tables\002_create_additional_tables.sql
		FacileSconti.Database\start_db\00_create_database.sql = FacileSconti.Database\start_db\00_create_database.sql
		FacileSconti.Database\start_db\01_run_all.sql = FacileSconti.Database\start_db\01_run_all.sql
		FacileSconti.Database\docs\EXECUTION_ORDER.md = FacileSconti.Database\docs\EXECUTION_ORDER.md
		FacileSconti.Database\06_updates\README.md = FacileSconti.Database\06_updates\README.md
	EndProjectSection
EndProject
Project("{2150E333-8FDC-42A3-9474-1A3956D46DE8}") = "Solution Items", "Solution Items", "{66666666-6666-6666-6666-666666666666}"
	ProjectSection(SolutionItems) = preProject
		infodatabasestart.txt = infodatabasestart.txt
	EndProjectSection
EndProject
Project("{FAE04EC0-301F-11D3-BF4B-00C04F79EFBC}") = "FacileSconti.Domain", "FacileSconti.Domain\FacileSconti.Domain.csproj", "{CAAD353C-458A-8D61-72D6-84A961977DB5}"
EndProject
Global
	GlobalSection(SolutionConfigurationPlatforms) = preSolution
		Debug|Any CPU = Debug|Any CPU
		Release|Any CPU = Release|Any CPU
	EndGlobalSection
	GlobalSection(ProjectConfigurationPlatforms) = postSolution
		{11111111-1111-1111-1111-111111111111}.Debug|Any CPU.ActiveCfg = Debug|Any CPU
		{11111111-1111-1111-1111-111111111111}.Debug|Any CPU.Build.0 = Debug|Any CPU
		{11111111-1111-1111-1111-111111111111}.Release|Any CPU.ActiveCfg = Release|Any CPU
		{11111111-1111-1111-1111-111111111111}.Release|Any CPU.Build.0 = Release|Any CPU
		{22222222-2222-2222-2222-222222222222}.Debug|Any CPU.ActiveCfg = Debug|Any CPU
		{22222222-2222-2222-2222-222222222222}.Debug|Any CPU.Build.0 = Debug|Any CPU
		{22222222-2222-2222-2222-222222222222}.Release|Any CPU.ActiveCfg = Release|Any CPU
		{22222222-2222-2222-2222-222222222222}.Release|Any CPU.Build.0 = Release|Any CPU
		{44444444-4444-4444-4444-444444444444}.Debug|Any CPU.ActiveCfg = Debug|Any CPU
		{44444444-4444-4444-4444-444444444444}.Debug|Any CPU.Build.0 = Debug|Any CPU
		{44444444-4444-4444-4444-444444444444}.Release|Any CPU.ActiveCfg = Release|Any CPU
		{44444444-4444-4444-4444-444444444444}.Release|Any CPU.Build.0 = Release|Any CPU
		{CAAD353C-458A-8D61-72D6-84A961977DB5}.Debug|Any CPU.ActiveCfg = Debug|Any CPU
		{CAAD353C-458A-8D61-72D6-84A961977DB5}.Debug|Any CPU.Build.0 = Debug|Any CPU
		{CAAD353C-458A-8D61-72D6-84A961977DB5}.Release|Any CPU.ActiveCfg = Release|Any CPU
		{CAAD353C-458A-8D61-72D6-84A961977DB5}.Release|Any CPU.Build.0 = Release|Any CPU
	EndGlobalSection
	GlobalSection(SolutionProperties) = preSolution
		HideSolutionNode = FALSE
	EndGlobalSection
	GlobalSection(ExtensibilityGlobals) = postSolution
		SolutionGuid = {2D129A1C-888E-48AE-AD56-8DA63C171E1D}
	EndGlobalSection
EndGlobal
